// !$*UTF8*$!
{
	archiveVersion = 1;
	classes = {
	};
	objectVersion = 48;
	objects = {

/* Begin PBXBuildFile section */
		AB298D2E1FDFBDD000FD8E51 /* AppDelegate.m in Sources */ = {isa = PBXBuildFile; fileRef = AB298D2D1FDFBDD000FD8E51 /* AppDelegate.m */; };
		AB298D311FDFBDD000FD8E51 /* ViewController.m in Sources */ = {isa = PBXBuildFile; fileRef = AB298D301FDFBDD000FD8E51 /* ViewController.m */; };
		AB298D341FDFBDD000FD8E51 /* Main.storyboard in Resources */ = {isa = PBXBuildFile; fileRef = AB298D321FDFBDD000FD8E51 /* Main.storyboard */; };
		AB298D361FDFBDD000FD8E51 /* Assets.xcassets in Resources */ = {isa = PBXBuildFile; fileRef = AB298D351FDFBDD000FD8E51 /* Assets.xcassets */; };
		AB298D391FDFBDD000FD8E51 /* LaunchScreen.storyboard in Resources */ = {isa = PBXBuildFile; fileRef = AB298D371FDFBDD000FD8E51 /* LaunchScreen.storyboard */; };
		AB298D3C1FDFBDD000FD8E51 /* main.m in Sources */ = {isa = PBXBuildFile; fileRef = AB298D3B1FDFBDD000FD8E51 /* main.m */; };
		AB298D461FDFBDD000FD8E51 /* iCome_kernelTests.m in Sources */ = {isa = PBXBuildFile; fileRef = AB298D451FDFBDD000FD8E51 /* iCome_kernelTests.m */; };
		AB298D511FDFBDD000FD8E51 /* iCome_kernelUITests.m in Sources */ = {isa = PBXBuildFile; fileRef = AB298D501FDFBDD000FD8E51 /* iCome_kernelUITests.m */; };
/* End PBXBuildFile section */

/* Begin PBXContainerItemProxy section */
		AB298D421FDFBDD000FD8E51 /* PBXContainerItemProxy */ = {
			isa = PBXContainerItemProxy;
			containerPortal = AB298D211FDFBDD000FD8E51 /* Project object */;
			proxyType = 1;
			remoteGlobalIDString = AB298D281FDFBDD000FD8E51;
			remoteInfo = iCome.kernel;
		};
		AB298D4D1FDFBDD000FD8E51 /* PBXContainerItemProxy */ = {
			isa = PBXContainerItemProxy;
			containerPortal = AB298D211FDFBDD000FD8E51 /* Project object */;
			proxyType = 1;
			remoteGlobalIDString = AB298D281FDFBDD000FD8E51;
			remoteInfo = iCome.kernel;
		};
/* End PBXContainerItemProxy section */

/* Begin PBXFileReference section */
		AB298D291FDFBDD000FD8E51 /* iCome.kernel.app */ = {isa = PBXFileReference; explicitFileType = wrapper.application; includeInIndex = 0; path = iCome.kernel.app; sourceTree = BUILT_PRODUCTS_DIR; };
		AB298D2C1FDFBDD000FD8E51 /* AppDelegate.h */ = {isa = PBXFileReference; lastKnownFileType = sourcecode.c.h; path = AppDelegate.h; sourceTree = "<group>"; };
		AB298D2D1FDFBDD000FD8E51 /* AppDelegate.m */ = {isa = PBXFileReference; lastKnownFileType = sourcecode.c.objc; path = AppDelegate.m; sourceTree = "<group>"; };
		AB298D2F1FDFBDD000FD8E51 /* ViewController.h */ = {isa = PBXFileReference; lastKnownFileType = sourcecode.c.h; path = ViewController.h; sourceTree = "<group>"; };
		AB298D301FDFBDD000FD8E51 /* ViewController.m */ = {isa = PBXFileReference; lastKnownFileType = sourcecode.c.objc; path = ViewController.m; sourceTree = "<group>"; };
		AB298D331FDFBDD000FD8E51 /* Base */ = {isa = PBXFileReference; lastKnownFileType = file.storyboard; name = Base; path = Base.lproj/Main.storyboard; sourceTree = "<group>"; };
		AB298D351FDFBDD000FD8E51 /* Assets.xcassets */ = {isa = PBXFileReference; lastKnownFileType = folder.assetcatalog; path = Assets.xcassets; sourceTree = "<group>"; };
		AB298D381FDFBDD000FD8E51 /* Base */ = {isa = PBXFileReference; lastKnownFileType = file.storyboard; name = Base; path = Base.lproj/LaunchScreen.storyboard; sourceTree = "<group>"; };
		AB298D3A1FDFBDD000FD8E51 /* Info.plist */ = {isa = PBXFileReference; lastKnownFileType = text.plist.xml; path = Info.plist; sourceTree = "<group>"; };
		AB298D3B1FDFBDD000FD8E51 /* main.m */ = {isa = PBXFileReference; lastKnownFileType = sourcecode.c.objc; path = main.m; sourceTree = "<group>"; };
		AB298D411FDFBDD000FD8E51 /* iCome.kernelTests.xctest */ = {isa = PBXFileReference; explicitFileType = wrapper.cfbundle; includeInIndex = 0; path = iCome.kernelTests.xctest; sourceTree = BUILT_PRODUCTS_DIR; };
		AB298D451FDFBDD000FD8E51 /* iCome_kernelTests.m */ = {isa = PBXFileReference; lastKnownFileType = sourcecode.c.objc; path = iCome_kernelTests.m; sourceTree = "<group>"; };
		AB298D471FDFBDD000FD8E51 /* Info.plist */ = {isa = PBXFileReference; lastKnownFileType = text.plist.xml; path = Info.plist; sourceTree = "<group>"; };
		AB298D4C1FDFBDD000FD8E51 /* iCome.kernelUITests.xctest */ = {isa = PBXFileReference; explicitFileType = wrapper.cfbundle; includeInIndex = 0; path = iCome.kernelUITests.xctest; sourceTree = BUILT_PRODUCTS_DIR; };
		AB298D501FDFBDD000FD8E51 /* iCome_kernelUITests.m */ = {isa = PBXFileReference; lastKnownFileType = sourcecode.c.objc; path = iCome_kernelUITests.m; sourceTree = "<group>"; };
		AB298D521FDFBDD000FD8E51 /* Info.plist */ = {isa = PBXFileReference; lastKnownFileType = text.plist.xml; path = Info.plist; sourceTree = "<group>"; };
/* End PBXFileReference section */

/* Begin PBXFrameworksBuildPhase section */
		AB298D261FDFBDD000FD8E51 /* Frameworks */ = {
			isa = PBXFrameworksBuildPhase;
			buildActionMask = 2147483647;
			files = (
			);
			runOnlyForDeploymentPostprocessing = 0;
		};
		AB298D3E1FDFBDD000FD8E51 /* Frameworks */ = {
			isa = PBXFrameworksBuildPhase;
			buildActionMask = 2147483647;
			files = (
			);
			runOnlyForDeploymentPostprocessing = 0;
		};
		AB298D491FDFBDD000FD8E51 /* Frameworks */ = {
			isa = PBXFrameworksBuildPhase;
			buildActionMask = 2147483647;
			files = (
			);
			runOnlyForDeploymentPostprocessing = 0;
		};
/* End PBXFrameworksBuildPhase section */

/* Begin PBXGroup section */
		AB298D201FDFBDD000FD8E51 = {
			isa = PBXGroup;
			children = (
				AB298D2B1FDFBDD000FD8E51 /* iCome.kernel */,
				AB298D441FDFBDD000FD8E51 /* iCome.kernelTests */,
				AB298D4F1FDFBDD000FD8E51 /* iCome.kernelUITests */,
				AB298D2A1FDFBDD000FD8E51 /* Products */,
			);
			sourceTree = "<group>";
		};
		AB298D2A1FDFBDD000FD8E51 /* Products */ = {
			isa = PBXGroup;
			children = (
				AB298D291FDFBDD000FD8E51 /* iCome.kernel.app */,
				AB298D411FDFBDD000FD8E51 /* iCome.kernelTests.xctest */,
				AB298D4C1FDFBDD000FD8E51 /* iCome.kernelUITests.xctest */,
			);
			name = Products;
			sourceTree = "<group>";
		};
		AB298D2B1FDFBDD000FD8E51 /* iCome.kernel */ = {
			isa = PBXGroup;
			children = (
				AB298D2C1FDFBDD000FD8E51 /* AppDelegate.h */,
				AB298D2D1FDFBDD000FD8E51 /* AppDelegate.m */,
				AB298D2F1FDFBDD000FD8E51 /* ViewController.h */,
				AB298D301FDFBDD000FD8E51 /* ViewController.m */,
				AB298D321FDFBDD000FD8E51 /* Main.storyboard */,
				AB298D351FDFBDD000FD8E51 /* Assets.xcassets */,
				AB298D371FDFBDD000FD8E51 /* LaunchScreen.storyboard */,
				AB298D3A1FDFBDD000FD8E51 /* Info.plist */,
				AB298D3B1FDFBDD000FD8E51 /* main.m */,
			);
			path = iCome.kernel;
			sourceTree = "<group>";
		};
		AB298D441FDFBDD000FD8E51 /* iCome.kernelTests */ = {
			isa = PBXGroup;
			children = (
				AB298D451FDFBDD000FD8E51 /* iCome_kernelTests.m */,
				AB298D471FDFBDD000FD8E51 /* Info.plist */,
			);
			path = iCome.kernelTests;
			sourceTree = "<group>";
		};
		AB298D4F1FDFBDD000FD8E51 /* iCome.kernelUITests */ = {
			isa = PBXGroup;
			children = (
				AB298D501FDFBDD000FD8E51 /* iCome_kernelUITests.m */,
				AB298D521FDFBDD000FD8E51 /* Info.plist */,
			);
			path = iCome.kernelUITests;
			sourceTree = "<group>";
		};
/* End PBXGroup section */

/* Begin PBXNativeTarget section */
		AB298D281FDFBDD000FD8E51 /* iCome.kernel */ = {
			isa = PBXNativeTarget;
			buildConfigurationList = AB298D551FDFBDD000FD8E51 /* Build configuration list for PBXNativeTarget "iCome.kernel" */;
			buildPhases = (
				AB298D251FDFBDD000FD8E51 /* Sources */,
				AB298D261FDFBDD000FD8E51 /* Frameworks */,
				AB298D271FDFBDD000FD8E51 /* Resources */,
			);
			buildRules = (
			);
			dependencies = (
			);
			name = iCome.kernel;
			productName = iCome.kernel;
			productReference = AB298D291FDFBDD000FD8E51 /* iCome.kernel.app */;
			productType = "com.apple.product-type.application";
		};
		AB298D401FDFBDD000FD8E51 /* iCome.kernelTests */ = {
			isa = PBXNativeTarget;
			buildConfigurationList = AB298D581FDFBDD000FD8E51 /* Build configuration list for PBXNativeTarget "iCome.kernelTests" */;
			buildPhases = (
				AB298D3D1FDFBDD000FD8E51 /* Sources */,
				AB298D3E1FDFBDD000FD8E51 /* Frameworks */,
				AB298D3F1FDFBDD000FD8E51 /* Resources */,
			);
			buildRules = (
			);
			dependencies = (
				AB298D431FDFBDD000FD8E51 /* PBXTargetDependency */,
			);
			name = iCome.kernelTests;
			productName = iCome.kernelTests;
			productReference = AB298D411FDFBDD000FD8E51 /* iCome.kernelTests.xctest */;
			productType = "com.apple.product-type.bundle.unit-test";
		};
		AB298D4B1FDFBDD000FD8E51 /* iCome.kernelUITests */ = {
			isa = PBXNativeTarget;
			buildConfigurationList = AB298D5B1FDFBDD000FD8E51 /* Build configuration list for PBXNativeTarget "iCome.kernelUITests" */;
			buildPhases = (
				AB298D481FDFBDD000FD8E51 /* Sources */,
				AB298D491FDFBDD000FD8E51 /* Frameworks */,
				AB298D4A1FDFBDD000FD8E51 /* Resources */,
			);
			buildRules = (
			);
			dependencies = (
				AB298D4E1FDFBDD000FD8E51 /* PBXTargetDependency */,
			);
			name = iCome.kernelUITests;
			productName = iCome.kernelUITests;
			productReference = AB298D4C1FDFBDD000FD8E51 /* iCome.kernelUITests.xctest */;
			productType = "com.apple.product-type.bundle.ui-testing";
		};
/* End PBXNativeTarget section */

/* Begin PBXProject section */
		AB298D211FDFBDD000FD8E51 /* Project object */ = {
			isa = PBXProject;
			attributes = {
				LastUpgradeCheck = 0910;
				ORGANIZATIONNAME = "ENN-Zhang Xin";
				TargetAttributes = {
					AB298D281FDFBDD000FD8E51 = {
						CreatedOnToolsVersion = 9.1;
						ProvisioningStyle = Automatic;
					};
					AB298D401FDFBDD000FD8E51 = {
						CreatedOnToolsVersion = 9.1;
						ProvisioningStyle = Automatic;
						TestTargetID = AB298D281FDFBDD000FD8E51;
					};
					AB298D4B1FDFBDD000FD8E51 = {
						CreatedOnToolsVersion = 9.1;
						ProvisioningStyle = Automatic;
						TestTargetID = AB298D281FDFBDD000FD8E51;
					};
				};
			};
			buildConfigurationList = AB298D241FDFBDD000FD8E51 /* Build configuration list for PBXProject "iCome.kernel" */;
			compatibilityVersion = "Xcode 8.0";
			developmentRegion = en;
			hasScannedForEncodings = 0;
			knownRegions = (
				en,
				Base,
			);
			mainGroup = AB298D201FDFBDD000FD8E51;
			productRefGroup = AB298D2A1FDFBDD000FD8E51 /* Products */;
			projectDirPath = "";
			projectRoot = "";
			targets = (
				AB298D281FDFBDD000FD8E51 /* iCome.kernel */,
				AB298D401FDFBDD000FD8E51 /* iCome.kernelTests */,
				AB298D4B1FDFBDD000FD8E51 /* iCome.kernelUITests */,
			);
		};
/* End PBXProject section */

/* Begin PBXResourcesBuildPhase section */
		AB298D271FDFBDD000FD8E51 /* Resources */ = {
			isa = PBXResourcesBuildPhase;
			buildActionMask = 2147483647;
			files = (
				AB298D391FDFBDD000FD8E51 /* LaunchScreen.storyboard in Resources */,
				AB298D361FDFBDD000FD8E51 /* Assets.xcassets in Resources */,
				AB298D341FDFBDD000FD8E51 /* Main.storyboard in Resources */,
			);
			runOnlyForDeploymentPostprocessing = 0;
		};
		AB298D3F1FDFBDD000FD8E51 /* Resources */ = {
			isa = PBXResourcesBuildPhase;
			buildActionMask = 2147483647;
			files = (
			);
			runOnlyForDeploymentPostprocessing = 0;
		};
		AB298D4A1FDFBDD000FD8E51 /* Resources */ = {
			isa = PBXResourcesBuildPhase;
			buildActionMask = 2147483647;
			files = (
			);
			runOnlyForDeploymentPostprocessing = 0;
		};
/* End PBXResourcesBuildPhase section */

/* Begin PBXSourcesBuildPhase section */
		AB298D251FDFBDD000FD8E51 /* Sources */ = {
			isa = PBXSourcesBuildPhase;
			buildActionMask = 2147483647;
			files = (
				AB298D311FDFBDD000FD8E51 /* ViewController.m in Sources */,
				AB298D3C1FDFBDD000FD8E51 /* main.m in Sources */,
				AB298D2E1FDFBDD000FD8E51 /* AppDelegate.m in Sources */,
			);
			runOnlyForDeploymentPostprocessing = 0;
		};
		AB298D3D1FDFBDD000FD8E51 /* Sources */ = {
			isa = PBXSourcesBuildPhase;
			buildActionMask = 2147483647;
			files = (
				AB298D461FDFBDD000FD8E51 /* iCome_kernelTests.m in Sources */,
			);
			runOnlyForDeploymentPostprocessing = 0;
		};
		AB298D481FDFBDD000FD8E51 /* Sources */ = {
			isa = PBXSourcesBuildPhase;
			buildActionMask = 2147483647;
			files = (
				AB298D511FDFBDD000FD8E51 /* iCome_kernelUITests.m in Sources */,
			);
			runOnlyForDeploymentPostprocessing = 0;
		};
/* End PBXSourcesBuildPhase section */

/* Begin PBXTargetDependency section */
		AB298D431FDFBDD000FD8E51 /* PBXTargetDependency */ = {
			isa = PBXTargetDependency;
			target = AB298D281FDFBDD000FD8E51 /* iCome.kernel */;
			targetProxy = AB298D421FDFBDD000FD8E51 /* PBXContainerItemProxy */;
		};
		AB298D4E1FDFBDD000FD8E51 /* PBXTargetDependency */ = {
			isa = PBXTargetDependency;
			target = AB298D281FDFBDD000FD8E51 /* iCome.kernel */;
			targetProxy = AB298D4D1FDFBDD000FD8E51 /* PBXContainerItemProxy */;
		};
/* End PBXTargetDependency section */

/* Begin PBXVariantGroup section */
		AB298D321FDFBDD000FD8E51 /* Main.storyboard */ = {
			isa = PBXVariantGroup;
			children = (
				AB298D331FDFBDD000FD8E51 /* Base */,
			);
			name = Main.storyboard;
			sourceTree = "<group>";
		};
		AB298D371FDFBDD000FD8E51 /* LaunchScreen.storyboard */ = {
			isa = PBXVariantGroup;
			children = (
				AB298D381FDFBDD000FD8E51 /* Base */,
			);
			name = LaunchScreen.storyboard;
			sourceTree = "<group>";
		};
/* End PBXVariantGroup section */

/* Begin XCBuildConfiguration section */
		AB298D531FDFBDD000FD8E51 /* Debug */ = {
			isa = XCBuildConfiguration;
			buildSettings = {
				ALWAYS_SEARCH_USER_PATHS = NO;
				CLANG_ANALYZER_NONNULL = YES;
				CLANG_ANALYZER_NUMBER_OBJECT_CONVERSION = YES_AGGRESSIVE;
				CLANG_CXX_LANGUAGE_STANDARD = "gnu++14";
				CLANG_CXX_LIBRARY = "libc++";
				CLANG_ENABLE_MODULES = YES;
				CLANG_ENABLE_OBJC_ARC = YES;
				CLANG_WARN_BLOCK_CAPTURE_AUTORELEASING = YES;
				CLANG_WARN_BOOL_CONVERSION = YES;
				CLANG_WARN_COMMA = YES;
				CLANG_WARN_CONSTANT_CONVERSION = YES;
				CLANG_WARN_DIRECT_OBJC_ISA_USAGE = YES_ERROR;
				CLANG_WARN_DOCUMENTATION_COMMENTS = YES;
				CLANG_WARN_EMPTY_BODY = YES;
				CLANG_WARN_ENUM_CONVERSION = YES;
				CLANG_WARN_INFINITE_RECURSION = YES;
				CLANG_WARN_INT_CONVERSION = YES;
				CLANG_WARN_NON_LITERAL_NULL_CONVERSION = YES;
				CLANG_WARN_OBJC_LITERAL_CONVERSION = YES;
				CLANG_WARN_OBJC_ROOT_CLASS = YES_ERROR;
				CLANG_WARN_RANGE_LOOP_ANALYSIS = YES;
				CLANG_WARN_STRICT_PROTOTYPES = YES;
				CLANG_WARN_SUSPICIOUS_MOVE = YES;
				CLANG_WARN_UNGUARDED_AVAILABILITY = YES_AGGRESSIVE;
				CLANG_WARN_UNREACHABLE_CODE = YES;
				CLANG_WARN__DUPLICATE_METHOD_MATCH = YES;
				CODE_SIGN_IDENTITY = "iPhone Developer";
				COPY_PHASE_STRIP = NO;
				DEBUG_INFORMATION_FORMAT = dwarf;
				ENABLE_STRICT_OBJC_MSGSEND = YES;
				ENABLE_TESTABILITY = YES;
				GCC_C_LANGUAGE_STANDARD = gnu11;
				GCC_DYNAMIC_NO_PIC = NO;
				GCC_NO_COMMON_BLOCKS = YES;
				GCC_OPTIMIZATION_LEVEL = 0;
				GCC_PREPROCESSOR_DEFINITIONS = (
					"DEBUG=1",
					"$(inherited)",
				);
				GCC_WARN_64_TO_32_BIT_CONVERSION = YES;
				GCC_WARN_ABOUT_RETURN_TYPE = YES_ERROR;
				GCC_WARN_UNDECLARED_SELECTOR = YES;
				GCC_WARN_UNINITIALIZED_AUTOS = YES_AGGRESSIVE;
				GCC_WARN_UNUSED_FUNCTION = YES;
				GCC_WARN_UNUSED_VARIABLE = YES;
				IPHONEOS_DEPLOYMENT_TARGET = 11.1;
				MTL_ENABLE_DEBUG_INFO = YES;
				ONLY_ACTIVE_ARCH = YES;
				SDKROOT = iphoneos;
			};
			name = Debug;
		};
		AB298D541FDFBDD000FD8E51 /* Release */ = {
			isa = XCBuildConfiguration;
			buildSettings = {
				ALWAYS_SEARCH_USER_PATHS = NO;
				CLANG_ANALYZER_NONNULL = YES;
				CLANG_ANALYZER_NUMBER_OBJECT_CONVERSION = YES_AGGRESSIVE;
				CLANG_CXX_LANGUAGE_STANDARD = "gnu++14";
				CLANG_CXX_LIBRARY = "libc++";
				CLANG_ENABLE_MODULES = YES;
				CLANG_ENABLE_OBJC_ARC = YES;
				CLANG_WARN_BLOCK_CAPTURE_AUTORELEASING = YES;
				CLANG_WARN_BOOL_CONVERSION = YES;
				CLANG_WARN_COMMA = YES;
				CLANG_WARN_CONSTANT_CONVERSION = YES;
				CLANG_WARN_DIRECT_OBJC_ISA_USAGE = YES_ERROR;
				CLANG_WARN_DOCUMENTATION_COMMENTS = YES;
				CLANG_WARN_EMPTY_BODY = YES;
				CLANG_WARN_ENUM_CONVERSION = YES;
				CLANG_WARN_INFINITE_RECURSION = YES;
				CLANG_WARN_INT_CONVERSION = YES;
				CLANG_WARN_NON_LITERAL_NULL_CONVERSION = YES;
				CLANG_WARN_OBJC_LITERAL_CONVERSION = YES;
				CLANG_WARN_OBJC_ROOT_CLASS = YES_ERROR;
				CLANG_WARN_RANGE_LOOP_ANALYSIS = YES;
				CLANG_WARN_STRICT_PROTOTYPES = YES;
				CLANG_WARN_SUSPICIOUS_MOVE = YES;
				CLANG_WARN_UNGUARDED_AVAILABILITY = YES_AGGRESSIVE;
				CLANG_WARN_UNREACHABLE_CODE = YES;
				CLANG_WARN__DUPLICATE_METHOD_MATCH = YES;
				CODE_SIGN_IDENTITY = "iPhone Developer";
				COPY_PHASE_STRIP = NO;
				DEBUG_INFORMATION_FORMAT = "dwarf-with-dsym";
				ENABLE_NS_ASSERTIONS = NO;
				ENABLE_STRICT_OBJC_MSGSEND = YES;
				GCC_C_LANGUAGE_STANDARD = gnu11;
				GCC_NO_COMMON_BLOCKS = YES;
				GCC_WARN_64_TO_32_BIT_CONVERSION = YES;
				GCC_WARN_ABOUT_RETURN_TYPE = YES_ERROR;
				GCC_WARN_UNDECLARED_SELECTOR = YES;
				GCC_WARN_UNINITIALIZED_AUTOS = YES_AGGRESSIVE;
				GCC_WARN_UNUSED_FUNCTION = YES;
				GCC_WARN_UNUSED_VARIABLE = YES;
				IPHONEOS_DEPLOYMENT_TARGET = 11.1;
				MTL_ENABLE_DEBUG_INFO = NO;
				SDKROOT = iphoneos;
				VALIDATE_PRODUCT = YES;
			};
			name = Release;
		};
		AB298D561FDFBDD000FD8E51 /* Debug */ = {
			isa = XCBuildConfiguration;
			buildSettings = {
				ASSETCATALOG_COMPILER_APPICON_NAME = AppIcon;
				CODE_SIGN_STYLE = Automatic;
				DEVELOPMENT_TEAM = HXA3E8963G;
				INFOPLIST_FILE = iCome.kernel/Info.plist;
				LD_RUNPATH_SEARCH_PATHS = "$(inherited) @executable_path/Frameworks";
				PRODUCT_BUNDLE_IDENTIFIER = "com.enn.iCome-kernel.iCome-kernel";
				PRODUCT_NAME = "$(TARGET_NAME)";
				TARGETED_DEVICE_FAMILY = "1,2";
			};
			name = Debug;
		};
		AB298D571FDFBDD000FD8E51 /* Release */ = {
			isa = XCBuildConfiguration;
			buildSettings = {
				ASSETCATALOG_COMPILER_APPICON_NAME = AppIcon;
				CODE_SIGN_STYLE = Automatic;
				DEVELOPMENT_TEAM = HXA3E8963G;
				INFOPLIST_FILE = iCome.kernel/Info.plist;
				LD_RUNPATH_SEARCH_PATHS = "$(inherited) @executable_path/Frameworks";
				PRODUCT_BUNDLE_IDENTIFIER = "com.enn.iCome-kernel.iCome-kernel";
				PRODUCT_NAME = "$(TARGET_NAME)";
				TARGETED_DEVICE_FAMILY = "1,2";
			};
			name = Release;
		};
		AB298D591FDFBDD000FD8E51 /* Debug */ = {
			isa = XCBuildConfiguration;
			buildSettings = {
				BUNDLE_LOADER = "$(TEST_HOST)";
				CODE_SIGN_STYLE = Automatic;
				DEVELOPMENT_TEAM = HXA3E8963G;
				INFOPLIST_FILE = iCome.kernelTests/Info.plist;
				LD_RUNPATH_SEARCH_PATHS = "$(inherited) @executable_path/Frameworks @loader_path/Frameworks";
				PRODUCT_BUNDLE_IDENTIFIER = "com.enn.iCome-kernel.iCome-kernelTests";
				PRODUCT_NAME = "$(TARGET_NAME)";
				TARGETED_DEVICE_FAMILY = "1,2";
				TEST_HOST = "$(BUILT_PRODUCTS_DIR)/iCome.kernel.app/iCome.kernel";
			};
			name = Debug;
		};
		AB298D5A1FDFBDD000FD8E51 /* Release */ = {
			isa = XCBuildConfiguration;
			buildSettings = {
				BUNDLE_LOADER = "$(TEST_HOST)";
				CODE_SIGN_STYLE = Automatic;
				DEVELOPMENT_TEAM = HXA3E8963G;
				INFOPLIST_FILE = iCome.kernelTests/Info.plist;
				LD_RUNPATH_SEARCH_PATHS = "$(inherited) @executable_path/Frameworks @loader_path/Frameworks";
				PRODUCT_BUNDLE_IDENTIFIER = "com.enn.iCome-kernel.iCome-kernelTests";
				PRODUCT_NAME = "$(TARGET_NAME)";
				TARGETED_DEVICE_FAMILY = "1,2";
				TEST_HOST = "$(BUILT_PRODUCTS_DIR)/iCome.kernel.app/iCome.kernel";
			};
			name = Release;
		};
		AB298D5C1FDFBDD000FD8E51 /* Debug */ = {
			isa = XCBuildConfiguration;
			buildSettings = {
				CODE_SIGN_STYLE = Automatic;
				DEVELOPMENT_TEAM = HXA3E8963G;
				INFOPLIST_FILE = iCome.kernelUITests/Info.plist;
				LD_RUNPATH_SEARCH_PATHS = "$(inherited) @executable_path/Frameworks @loader_path/Frameworks";
				PRODUCT_BUNDLE_IDENTIFIER = "com.enn.iCome-kernel.iCome-kernelUITests";
				PRODUCT_NAME = "$(TARGET_NAME)";
				TARGETED_DEVICE_FAMILY = "1,2";
				TEST_TARGET_NAME = iCome.kernel;
			};
			name = Debug;
		};
		AB298D5D1FDFBDD000FD8E51 /* Release */ = {
			isa = XCBuildConfiguration;
			buildSettings = {
				CODE_SIGN_STYLE = Automatic;
				DEVELOPMENT_TEAM = HXA3E8963G;
				INFOPLIST_FILE = iCome.kernelUITests/Info.plist;
				LD_RUNPATH_SEARCH_PATHS = "$(inherited) @executable_path/Frameworks @loader_path/Frameworks";
				PRODUCT_BUNDLE_IDENTIFIER = "com.enn.iCome-kernel.iCome-kernelUITests";
				PRODUCT_NAME = "$(TARGET_NAME)";
				TARGETED_DEVICE_FAMILY = "1,2";
				TEST_TARGET_NAME = iCome.kernel;
			};
			name = Release;
		};
/* End XCBuildConfiguration section */

/* Begin XCConfigurationList section */
		AB298D241FDFBDD000FD8E51 /* Build configuration list for PBXProject "iCome.kernel" */ = {
			isa = XCConfigurationList;
			buildConfigurations = (
				AB298D531FDFBDD000FD8E51 /* Debug */,
				AB298D541FDFBDD000FD8E51 /* Release */,
			);
			defaultConfigurationIsVisible = 0;
			defaultConfigurationName = Release;
		};
		AB298D551FDFBDD000FD8E51 /* Build configuration list for PBXNativeTarget "iCome.kernel" */ = {
			isa = XCConfigurationList;
			buildConfigurations = (
				AB298D561FDFBDD000FD8E51 /* Debug */,
				AB298D571FDFBDD000FD8E51 /* Release */,
			);
			defaultConfigurationIsVisible = 0;
			defaultConfigurationName = Release;
		};
		AB298D581FDFBDD000FD8E51 /* Build configuration list for PBXNativeTarget "iCome.kernelTests" */ = {
			isa = XCConfigurationList;
			buildConfigurations = (
				AB298D591FDFBDD000FD8E51 /* Debug */,
				AB298D5A1FDFBDD000FD8E51 /* Release */,
			);
			defaultConfigurationIsVisible = 0;
			defaultConfigurationName = Release;
		};
		AB298D5B1FDFBDD000FD8E51 /* Build configuration list for PBXNativeTarget "iCome.kernelUITests" */ = {
			isa = XCConfigurationList;
			buildConfigurations = (
				AB298D5C1FDFBDD000FD8E51 /* Debug */,
				AB298D5D1FDFBDD000FD8E51 /* Release */,
			);
			defaultConfigurationIsVisible = 0;
			defaultConfigurationName = Release;
		};
/* End XCConfigurationList section */
	};
	rootObject = AB298D211FDFBDD000FD8E51 /* Project object */;
}
